
Microsoft Visual Studio Solution File, Format Version 12.00
# Visual Studio Version 17
VisualStudioVersion = 17.12.35527.113 d17.12
MinimumVisualStudioVersion = 10.0.40219.1
Project("{FAE04EC0-301F-11D3-BF4B-00C04F79EFBC}") = "ForTriangleNumbers", "ForTriangleNumbers\ForTriangleNumbers.csproj", "{2EDDFCDC-8864-460C-A7E9-26FB37EE0D99}"
EndProject
Global
	GlobalSection(SolutionConfigurationPlatforms) = preSolution
		Debug|Any CPU = Debug|Any CPU
		Release|Any CPU = Release|Any CPU
	EndGlobalSection
	GlobalSection(ProjectConfigurationPlatforms) = postSolution
		{2EDDFCDC-8864-460C-A7E9-26FB37EE0D99}.Debug|Any CPU.ActiveCfg = Debug|Any CPU
		{2EDDFCDC-8864-460C-A7E9-26FB37EE0D99}.Debug|Any CPU.Build.0 = Debug|Any CPU
		{2EDDFCDC-8864-460C-A7E9-26FB37EE0D99}.Release|Any CPU.ActiveCfg = Release|Any CPU
		{2EDDFCDC-8864-460C-A7E9-26FB37EE0D99}.Release|Any CPU.Build.0 = Release|Any CPU
	EndGlobalSection
	GlobalSection(SolutionProperties) = preSolution
		HideSolutionNode = FALSE
	EndGlobalSection
EndGlobal
